
Microsoft Visual Studio Solution File, Format Version 12.00
# Visual Studio 2013
VisualStudioVersion = 12.0.31101.0
MinimumVisualStudioVersion = 10.0.40219.1
Project("{8BC9CEB8-8B4A-11D0-8D11-00A0C91BC942}") = "common", "common\common.vcxproj", "{1F515414-8931-4862-A195-D2E376A4DB45}"
EndProject
Project("{8BC9CEB8-8B4A-11D0-8D11-00A0C91BC942}") = "transmitter", "transmitter\transmitter.vcxproj", "{CDC3C633-C9A3-410E-ABE8-B150B439050F}"
EndProject
Project("{8BC9CEB8-8B4A-11D0-8D11-00A0C91BC942}") = "receiver", "receiver\receiver.vcxproj", "{47408783-5A03-45F1-9B31-C2D6C838C3D3}"
EndProject
Global
	GlobalSection(SolutionConfigurationPlatforms) = preSolution
		Debug|Win32 = Debug|Win32
		Release|Win32 = Release|Win32
	EndGlobalSection
	GlobalSection(ProjectConfigurationPlatforms) = postSolution
		{1F515414-8931-4862-A195-D2E376A4DB45}.Debug|Win32.ActiveCfg = Debug|Win32
		{1F515414-8931-4862-A195-D2E376A4DB45}.Debug|Win32.Build.0 = Debug|Win32
		{1F515414-8931-4862-A195-D2E376A4DB45}.Release|Win32.ActiveCfg = Release|Win32
		{1F515414-8931-4862-A195-D2E376A4DB45}.Release|Win32.Build.0 = Release|Win32
		{CDC3C633-C9A3-410E-ABE8-B150B439050F}.Debug|Win32.ActiveCfg = Debug|Win32
		{CDC3C633-C9A3-410E-ABE8-B150B439050F}.Debug|Win32.Build.0 = Debug|Win32
		{CDC3C633-C9A3-410E-ABE8-B150B439050F}.Release|Win32.ActiveCfg = Release|Win32
		{CDC3C633-C9A3-410E-ABE8-B150B439050F}.Release|Win32.Build.0 = Release|Win32
		{47408783-5A03-45F1-9B31-C2D6C838C3D3}.Debug|Win32.ActiveCfg = Debug|Win32
		{47408783-5A03-45F1-9B31-C2D6C838C3D3}.Debug|Win32.Build.0 = Debug|Win32
		{47408783-5A03-45F1-9B31-C2D6C838C3D3}.Release|Win32.ActiveCfg = Release|Win32
		{47408783-5A03-45F1-9B31-C2D6C838C3D3}.Release|Win32.Build.0 = Release|Win32
	EndGlobalSection
	GlobalSection(SolutionProperties) = preSolution
		HideSolutionNode = FALSE
	EndGlobalSection
EndGlobal
